
Microsoft Visual Studio Solution File, Format Version 12.00
# Visual Studio Version 17
VisualStudioVersion = 17.0.31903.59
MinimumVisualStudioVersion = 10.0.40219.1
Project("{FAE04EC0-301F-11D3-BF4B-00C04F79EFBC}") = "Day2", "Day2\Day2.csproj", "{816F2054-1680-4897-8D84-679FD251A7FC}"
EndProject
Project("{FAE04EC0-301F-11D3-BF4B-00C04F79EFBC}") = "Day3", "Day3\Day3.csproj", "{D2FF43CB-B3CD-4362-90CC-90F77A8014C3}"
EndProject
Project("{FAE04EC0-301F-11D3-BF4B-00C04F79EFBC}") = "Day4", "Day4\Day4.csproj", "{29C8A1BC-2833-4F65-AE63-4DEB682A0301}"
EndProject
Project("{FAE04EC0-301F-11D3-BF4B-00C04F79EFBC}") = "Day5", "Day5\Day5.csproj", "{CE9F9C56-B7F1-4EF0-83EC-7B3DF0BD8C43}"
EndProject
Project("{FAE04EC0-301F-11D3-BF4B-00C04F79EFBC}") = "Day6", "Day6\Day6.csproj", "{1E9148A2-C97D-41EB-BBC9-4AA4038CAC36}"
EndProject
Project("{FAE04EC0-301F-11D3-BF4B-00C04F79EFBC}") = "Day7", "Day7\Day7.csproj", "{83102632-CE0F-4913-A311-36E00165FF85}"
EndProject
Global
	GlobalSection(SolutionConfigurationPlatforms) = preSolution
		Debug|Any CPU = Debug|Any CPU
		Release|Any CPU = Release|Any CPU
	EndGlobalSection
	GlobalSection(SolutionProperties) = preSolution
		HideSolutionNode = FALSE
	EndGlobalSection
	GlobalSection(ProjectConfigurationPlatforms) = postSolution
		{816F2054-1680-4897-8D84-679FD251A7FC}.Debug|Any CPU.ActiveCfg = Debug|Any CPU
		{816F2054-1680-4897-8D84-679FD251A7FC}.Debug|Any CPU.Build.0 = Debug|Any CPU
		{816F2054-1680-4897-8D84-679FD251A7FC}.Release|Any CPU.ActiveCfg = Release|Any CPU
		{816F2054-1680-4897-8D84-679FD251A7FC}.Release|Any CPU.Build.0 = Release|Any CPU
		{D2FF43CB-B3CD-4362-90CC-90F77A8014C3}.Debug|Any CPU.ActiveCfg = Debug|Any CPU
		{D2FF43CB-B3CD-4362-90CC-90F77A8014C3}.Debug|Any CPU.Build.0 = Debug|Any CPU
		{D2FF43CB-B3CD-4362-90CC-90F77A8014C3}.Release|Any CPU.ActiveCfg = Release|Any CPU
		{D2FF43CB-B3CD-4362-90CC-90F77A8014C3}.Release|Any CPU.Build.0 = Release|Any CPU
		{29C8A1BC-2833-4F65-AE63-4DEB682A0301}.Debug|Any CPU.ActiveCfg = Debug|Any CPU
		{29C8A1BC-2833-4F65-AE63-4DEB682A0301}.Debug|Any CPU.Build.0 = Debug|Any CPU
		{29C8A1BC-2833-4F65-AE63-4DEB682A0301}.Release|Any CPU.ActiveCfg = Release|Any CPU
		{29C8A1BC-2833-4F65-AE63-4DEB682A0301}.Release|Any CPU.Build.0 = Release|Any CPU
		{CE9F9C56-B7F1-4EF0-83EC-7B3DF0BD8C43}.Debug|Any CPU.ActiveCfg = Debug|Any CPU
		{CE9F9C56-B7F1-4EF0-83EC-7B3DF0BD8C43}.Debug|Any CPU.Build.0 = Debug|Any CPU
		{CE9F9C56-B7F1-4EF0-83EC-7B3DF0BD8C43}.Release|Any CPU.ActiveCfg = Release|Any CPU
		{CE9F9C56-B7F1-4EF0-83EC-7B3DF0BD8C43}.Release|Any CPU.Build.0 = Release|Any CPU
		{1E9148A2-C97D-41EB-BBC9-4AA4038CAC36}.Debug|Any CPU.ActiveCfg = Debug|Any CPU
		{1E9148A2-C97D-41EB-BBC9-4AA4038CAC36}.Debug|Any CPU.Build.0 = Debug|Any CPU
		{1E9148A2-C97D-41EB-BBC9-4AA4038CAC36}.Release|Any CPU.ActiveCfg = Release|Any CPU
		{1E9148A2-C97D-41EB-BBC9-4AA4038CAC36}.Release|Any CPU.Build.0 = Release|Any CPU
		{83102632-CE0F-4913-A311-36E00165FF85}.Debug|Any CPU.ActiveCfg = Debug|Any CPU
		{83102632-CE0F-4913-A311-36E00165FF85}.Debug|Any CPU.Build.0 = Debug|Any CPU
		{83102632-CE0F-4913-A311-36E00165FF85}.Release|Any CPU.ActiveCfg = Release|Any CPU
		{83102632-CE0F-4913-A311-36E00165FF85}.Release|Any CPU.Build.0 = Release|Any CPU
	EndGlobalSection
EndGlobal
