
Microsoft Visual Studio Solution File, Format Version 12.00
# Visual Studio Version 17
VisualStudioVersion = 17.0.31903.59
MinimumVisualStudioVersion = 10.0.40219.1
Project("{FAE04EC0-301F-11D3-BF4B-00C04F79EFBC}") = "Day2", "Day2\Day2.csproj", "{816F2054-1680-4897-8D84-679FD251A7FC}"
EndProject
Project("{FAE04EC0-301F-11D3-BF4B-00C04F79EFBC}") = "Day3", "Day3\Day3.csproj", "{D2FF43CB-B3CD-4362-90CC-90F77A8014C3}"
EndProject
Global
	GlobalSection(SolutionConfigurationPlatforms) = preSolution
		Debug|Any CPU = Debug|Any CPU
		Release|Any CPU = Release|Any CPU
	EndGlobalSection
	GlobalSection(SolutionProperties) = preSolution
		HideSolutionNode = FALSE
	EndGlobalSection
	GlobalSection(ProjectConfigurationPlatforms) = postSolution
		{816F2054-1680-4897-8D84-679FD251A7FC}.Debug|Any CPU.ActiveCfg = Debug|Any CPU
		{816F2054-1680-4897-8D84-679FD251A7FC}.Debug|Any CPU.Build.0 = Debug|Any CPU
		{816F2054-1680-4897-8D84-679FD251A7FC}.Release|Any CPU.ActiveCfg = Release|Any CPU
		{816F2054-1680-4897-8D84-679FD251A7FC}.Release|Any CPU.Build.0 = Release|Any CPU
		{D2FF43CB-B3CD-4362-90CC-90F77A8014C3}.Debug|Any CPU.ActiveCfg = Debug|Any CPU
		{D2FF43CB-B3CD-4362-90CC-90F77A8014C3}.Debug|Any CPU.Build.0 = Debug|Any CPU
		{D2FF43CB-B3CD-4362-90CC-90F77A8014C3}.Release|Any CPU.ActiveCfg = Release|Any CPU
		{D2FF43CB-B3CD-4362-90CC-90F77A8014C3}.Release|Any CPU.Build.0 = Release|Any CPU
	EndGlobalSection
EndGlobal
